
Microsoft Visual Studio Solution File, Format Version 12.00
# Visual Studio Version 17
VisualStudioVersion = 17.7.34024.191
MinimumVisualStudioVersion = 10.0.40219.1
Project("{FAE04EC0-301F-11D3-BF4B-00C04F79EFBC}") = "calculator", "calculator\calculator.csproj", "{D53FA39E-11B5-4378-B9E3-D508471A4842}"
EndProject
Global
	GlobalSection(SolutionConfigurationPlatforms) = preSolution
		Debug|Any CPU = Debug|Any CPU
		Release|Any CPU = Release|Any CPU
	EndGlobalSection
	GlobalSection(ProjectConfigurationPlatforms) = postSolution
		{D53FA39E-11B5-4378-B9E3-D508471A4842}.Debug|Any CPU.ActiveCfg = Debug|Any CPU
		{D53FA39E-11B5-4378-B9E3-D508471A4842}.Debug|Any CPU.Build.0 = Debug|Any CPU
		{D53FA39E-11B5-4378-B9E3-D508471A4842}.Release|Any CPU.ActiveCfg = Release|Any CPU
		{D53FA39E-11B5-4378-B9E3-D508471A4842}.Release|Any CPU.Build.0 = Release|Any CPU
	EndGlobalSection
	GlobalSection(SolutionProperties) = preSolution
		HideSolutionNode = FALSE
	EndGlobalSection
	GlobalSection(ExtensibilityGlobals) = postSolution
		SolutionGuid = {C76A1662-4A31-44A6-B703-6061D274DF90}
	EndGlobalSection
EndGlobal
